{
  "version": 1,
  "dependencies": {
    ".NETFramework,Version=v4.8": {
      "Imazen.WebP": {
        "type": "Direct",
        "requested": "[11.0.0, )",
        "resolved": "11.0.0",
        "contentHash": "8g1uXOLfUn6eLIGUl2H4XW0bovxYKC+CV8BYd4nLWn5ArO+zMM4npL5h+FvAGTYqBNnay/EHennlNHz8G+K7Cg==",
        "dependencies": {
          "System.Runtime.InteropServices.RuntimeInformation": "4.3.0"
        }
      },
      "Imazen.WebP.NativeRuntime.win-x64": {
        "type": "Direct",
        "requested": "[1.6.0, )",
        "resolved": "1.6.0",
        "contentHash": "/zNctthTogpWcSgAvJGh75ceXBmlGJ8r45oHfgDjP67UpS2gAHb7pAyHAv14lzhv7TLATSp3FiIx06iEze/TvA=="
      },
      "Microsoft.NETFramework.ReferenceAssemblies": {
        "type": "Direct",
        "requested": "[1.0.3, )",
        "resolved": "1.0.3",
        "contentHash": "vUc9Npcs14QsyOD01tnv/m8sQUnGTGOw1BCmKcv77LBJY7OxhJ+zJF7UD/sCL3lYNFuqmQEVlkfS4Quif6FyYg==",
        "dependencies": {
          "Microsoft.NETFramework.ReferenceAssemblies.net48": "1.0.3"
        }
      },
      "Microsoft.NETFramework.ReferenceAssemblies.net48": {
        "type": "Transitive",
        "resolved": "1.0.3",
        "contentHash": "zMk4D+9zyiEWByyQ7oPImPN/Jhpj166Ky0Nlla4eXlNL8hI/BtSJsgR8Inldd4NNpIAH3oh8yym0W2DrhXdSLQ=="
      },
      "System.Runtime.InteropServices.RuntimeInformation": {
        "type": "Transitive",
        "resolved": "4.3.0",
        "contentHash": "cbz4YJMqRDR7oLeMRbdYv7mYzc++17lNhScCX0goO2XpGWdvAt60CGN+FHdePUEHCe/Jy9jUlvNAiNdM+7jsOw=="
      }
    },
    ".NETFramework,Version=v4.8/win-x64": {
      "Imazen.WebP.NativeRuntime.win-x64": {
        "type": "Direct",
        "requested": "[1.6.0, )",
        "resolved": "1.6.0",
        "contentHash": "/zNctthTogpWcSgAvJGh75ceXBmlGJ8r45oHfgDjP67UpS2gAHb7pAyHAv14lzhv7TLATSp3FiIx06iEze/TvA=="
      },
      "System.Runtime.InteropServices.RuntimeInformation": {
        "type": "Transitive",
        "resolved": "4.3.0",
        "contentHash": "cbz4YJMqRDR7oLeMRbdYv7mYzc++17lNhScCX0goO2XpGWdvAt60CGN+FHdePUEHCe/Jy9jUlvNAiNdM+7jsOw=="
      }
    }
  }
}